
Microsoft Visual Studio Solution File, Format Version 12.00
# Visual Studio 15
VisualStudioVersion = 15.0.26403.7
MinimumVisualStudioVersion = 10.0.40219.1
Project("{2150E333-8FDC-42A3-9474-1A3956D46DE8}") = "src", "src", "{0797536B-0CDF-4DE3-A3B0-A077235E7896}"
EndProject
Project("{2150E333-8FDC-42A3-9474-1A3956D46DE8}") = "client", "client", "{B5D9168C-F010-4B93-8A71-F9C2E8942E83}"
EndProject
Project("{2150E333-8FDC-42A3-9474-1A3956D46DE8}") = "lib", "lib", "{3B050C47-2404-4929-96A8-63B5ACD8E39E}"
EndProject
Project("{2150E333-8FDC-42A3-9474-1A3956D46DE8}") = "tests", "tests", "{6E89F9F0-8085-4585-BD92-DF2C97C90F73}"
EndProject
Project("{2150E333-8FDC-42A3-9474-1A3956D46DE8}") = "doc", "doc", "{BD6594CD-A777-4C65-9ABE-63CDB380A6A7}"
EndProject
Project("{FAE04EC0-301F-11D3-BF4B-00C04F79EFBC}") = "Phm.MobileSp.Cms.Core", "src\lib\Phm.MobileSp.Cms.Core\Phm.MobileSp.Cms.Core.csproj", "{F5DA65AF-7F6F-46F1-BB29-67CAA28601F6}"
EndProject
Project("{9A19103F-16F7-4668-BE54-9A1E7A4F7556}") = "Phm.MobileSp.Cms.Infrastructure", "src\lib\Phm.MobileSp.Cms.Infrastructure\Phm.MobileSp.Cms.Infrastructure.csproj", "{9FA302F4-F520-4E46-BEFA-3AB1509AA243}"
EndProject
Project("{9A19103F-16F7-4668-BE54-9A1E7A4F7556}") = "Phm.MobileSp.Cms", "src\client\Phm.MobileSp.Cms\Phm.MobileSp.Cms.csproj", "{9564C638-C217-437E-89BE-ACD5568CE37E}"
EndProject
Global
	GlobalSection(SolutionConfigurationPlatforms) = preSolution
		Ad-Hoc|Any CPU = Ad-Hoc|Any CPU
		Ad-Hoc|ARM = Ad-Hoc|ARM
		Ad-Hoc|iPhone = Ad-Hoc|iPhone
		Ad-Hoc|iPhoneSimulator = Ad-Hoc|iPhoneSimulator
		Ad-Hoc|x64 = Ad-Hoc|x64
		Ad-Hoc|x86 = Ad-Hoc|x86
		AppStore|Any CPU = AppStore|Any CPU
		AppStore|ARM = AppStore|ARM
		AppStore|iPhone = AppStore|iPhone
		AppStore|iPhoneSimulator = AppStore|iPhoneSimulator
		AppStore|x64 = AppStore|x64
		AppStore|x86 = AppStore|x86
		AzureStaging|Any CPU = AzureStaging|Any CPU
		AzureStaging|ARM = AzureStaging|ARM
		AzureStaging|iPhone = AzureStaging|iPhone
		AzureStaging|iPhoneSimulator = AzureStaging|iPhoneSimulator
		AzureStaging|x64 = AzureStaging|x64
		AzureStaging|x86 = AzureStaging|x86
		Debug|Any CPU = Debug|Any CPU
		Debug|ARM = Debug|ARM
		Debug|iPhone = Debug|iPhone
		Debug|iPhoneSimulator = Debug|iPhoneSimulator
		Debug|x64 = Debug|x64
		Debug|x86 = Debug|x86
		Release|Any CPU = Release|Any CPU
		Release|ARM = Release|ARM
		Release|iPhone = Release|iPhone
		Release|iPhoneSimulator = Release|iPhoneSimulator
		Release|x64 = Release|x64
		Release|x86 = Release|x86
	EndGlobalSection
	GlobalSection(ProjectConfigurationPlatforms) = postSolution
		{F5DA65AF-7F6F-46F1-BB29-67CAA28601F6}.Ad-Hoc|Any CPU.ActiveCfg = Debug|Any CPU
		{F5DA65AF-7F6F-46F1-BB29-67CAA28601F6}.Ad-Hoc|Any CPU.Build.0 = Debug|Any CPU
		{F5DA65AF-7F6F-46F1-BB29-67CAA28601F6}.Ad-Hoc|ARM.ActiveCfg = Debug|Any CPU
		{F5DA65AF-7F6F-46F1-BB29-67CAA28601F6}.Ad-Hoc|ARM.Build.0 = Debug|Any CPU
		{F5DA65AF-7F6F-46F1-BB29-67CAA28601F6}.Ad-Hoc|iPhone.ActiveCfg = Debug|Any CPU
		{F5DA65AF-7F6F-46F1-BB29-67CAA28601F6}.Ad-Hoc|iPhone.Build.0 = Debug|Any CPU
		{F5DA65AF-7F6F-46F1-BB29-67CAA28601F6}.Ad-Hoc|iPhoneSimulator.ActiveCfg = Debug|Any CPU
		{F5DA65AF-7F6F-46F1-BB29-67CAA28601F6}.Ad-Hoc|iPhoneSimulator.Build.0 = Debug|Any CPU
		{F5DA65AF-7F6F-46F1-BB29-67CAA28601F6}.Ad-Hoc|x64.ActiveCfg = Debug|Any CPU
		{F5DA65AF-7F6F-46F1-BB29-67CAA28601F6}.Ad-Hoc|x64.Build.0 = Debug|Any CPU
		{F5DA65AF-7F6F-46F1-BB29-67CAA28601F6}.Ad-Hoc|x86.ActiveCfg = Debug|Any CPU
		{F5DA65AF-7F6F-46F1-BB29-67CAA28601F6}.Ad-Hoc|x86.Build.0 = Debug|Any CPU
		{F5DA65AF-7F6F-46F1-BB29-67CAA28601F6}.AppStore|Any CPU.ActiveCfg = Debug|Any CPU
		{F5DA65AF-7F6F-46F1-BB29-67CAA28601F6}.AppStore|Any CPU.Build.0 = Debug|Any CPU
		{F5DA65AF-7F6F-46F1-BB29-67CAA28601F6}.AppStore|ARM.ActiveCfg = Debug|Any CPU
		{F5DA65AF-7F6F-46F1-BB29-67CAA28601F6}.AppStore|ARM.Build.0 = Debug|Any CPU
		{F5DA65AF-7F6F-46F1-BB29-67CAA28601F6}.AppStore|iPhone.ActiveCfg = Debug|Any CPU
		{F5DA65AF-7F6F-46F1-BB29-67CAA28601F6}.AppStore|iPhone.Build.0 = Debug|Any CPU
		{F5DA65AF-7F6F-46F1-BB29-67CAA28601F6}.AppStore|iPhoneSimulator.ActiveCfg = Debug|Any CPU
		{F5DA65AF-7F6F-46F1-BB29-67CAA28601F6}.AppStore|iPhoneSimulator.Build.0 = Debug|Any CPU
		{F5DA65AF-7F6F-46F1-BB29-67CAA28601F6}.AppStore|x64.ActiveCfg = Debug|Any CPU
		{F5DA65AF-7F6F-46F1-BB29-67CAA28601F6}.AppStore|x64.Build.0 = Debug|Any CPU
		{F5DA65AF-7F6F-46F1-BB29-67CAA28601F6}.AppStore|x86.ActiveCfg = Debug|Any CPU
		{F5DA65AF-7F6F-46F1-BB29-67CAA28601F6}.AppStore|x86.Build.0 = Debug|Any CPU
		{F5DA65AF-7F6F-46F1-BB29-67CAA28601F6}.AzureStaging|Any CPU.ActiveCfg = AzureStaging|Any CPU
		{F5DA65AF-7F6F-46F1-BB29-67CAA28601F6}.AzureStaging|Any CPU.Build.0 = AzureStaging|Any CPU
		{F5DA65AF-7F6F-46F1-BB29-67CAA28601F6}.AzureStaging|ARM.ActiveCfg = AzureStaging|Any CPU
		{F5DA65AF-7F6F-46F1-BB29-67CAA28601F6}.AzureStaging|ARM.Build.0 = AzureStaging|Any CPU
		{F5DA65AF-7F6F-46F1-BB29-67CAA28601F6}.AzureStaging|iPhone.ActiveCfg = AzureStaging|Any CPU
		{F5DA65AF-7F6F-46F1-BB29-67CAA28601F6}.AzureStaging|iPhone.Build.0 = AzureStaging|Any CPU
		{F5DA65AF-7F6F-46F1-BB29-67CAA28601F6}.AzureStaging|iPhoneSimulator.ActiveCfg = AzureStaging|Any CPU
		{F5DA65AF-7F6F-46F1-BB29-67CAA28601F6}.AzureStaging|iPhoneSimulator.Build.0 = AzureStaging|Any CPU
		{F5DA65AF-7F6F-46F1-BB29-67CAA28601F6}.AzureStaging|x64.ActiveCfg = AzureStaging|Any CPU
		{F5DA65AF-7F6F-46F1-BB29-67CAA28601F6}.AzureStaging|x64.Build.0 = AzureStaging|Any CPU
		{F5DA65AF-7F6F-46F1-BB29-67CAA28601F6}.AzureStaging|x86.ActiveCfg = AzureStaging|Any CPU
		{F5DA65AF-7F6F-46F1-BB29-67CAA28601F6}.AzureStaging|x86.Build.0 = AzureStaging|Any CPU
		{F5DA65AF-7F6F-46F1-BB29-67CAA28601F6}.Debug|Any CPU.ActiveCfg = Debug|Any CPU
		{F5DA65AF-7F6F-46F1-BB29-67CAA28601F6}.Debug|Any CPU.Build.0 = Debug|Any CPU
		{F5DA65AF-7F6F-46F1-BB29-67CAA28601F6}.Debug|ARM.ActiveCfg = Debug|Any CPU
		{F5DA65AF-7F6F-46F1-BB29-67CAA28601F6}.Debug|ARM.Build.0 = Debug|Any CPU
		{F5DA65AF-7F6F-46F1-BB29-67CAA28601F6}.Debug|iPhone.ActiveCfg = Debug|Any CPU
		{F5DA65AF-7F6F-46F1-BB29-67CAA28601F6}.Debug|iPhone.Build.0 = Debug|Any CPU
		{F5DA65AF-7F6F-46F1-BB29-67CAA28601F6}.Debug|iPhoneSimulator.ActiveCfg = Debug|Any CPU
		{F5DA65AF-7F6F-46F1-BB29-67CAA28601F6}.Debug|iPhoneSimulator.Build.0 = Debug|Any CPU
		{F5DA65AF-7F6F-46F1-BB29-67CAA28601F6}.Debug|x64.ActiveCfg = Debug|Any CPU
		{F5DA65AF-7F6F-46F1-BB29-67CAA28601F6}.Debug|x64.Build.0 = Debug|Any CPU
		{F5DA65AF-7F6F-46F1-BB29-67CAA28601F6}.Debug|x86.ActiveCfg = Debug|Any CPU
		{F5DA65AF-7F6F-46F1-BB29-67CAA28601F6}.Debug|x86.Build.0 = Debug|Any CPU
		{F5DA65AF-7F6F-46F1-BB29-67CAA28601F6}.Release|Any CPU.ActiveCfg = Release|Any CPU
		{F5DA65AF-7F6F-46F1-BB29-67CAA28601F6}.Release|Any CPU.Build.0 = Release|Any CPU
		{F5DA65AF-7F6F-46F1-BB29-67CAA28601F6}.Release|ARM.ActiveCfg = Release|Any CPU
		{F5DA65AF-7F6F-46F1-BB29-67CAA28601F6}.Release|ARM.Build.0 = Release|Any CPU
		{F5DA65AF-7F6F-46F1-BB29-67CAA28601F6}.Release|iPhone.ActiveCfg = Release|Any CPU
		{F5DA65AF-7F6F-46F1-BB29-67CAA28601F6}.Release|iPhone.Build.0 = Release|Any CPU
		{F5DA65AF-7F6F-46F1-BB29-67CAA28601F6}.Release|iPhoneSimulator.ActiveCfg = Release|Any CPU
		{F5DA65AF-7F6F-46F1-BB29-67CAA28601F6}.Release|iPhoneSimulator.Build.0 = Release|Any CPU
		{F5DA65AF-7F6F-46F1-BB29-67CAA28601F6}.Release|x64.ActiveCfg = Release|Any CPU
		{F5DA65AF-7F6F-46F1-BB29-67CAA28601F6}.Release|x64.Build.0 = Release|Any CPU
		{F5DA65AF-7F6F-46F1-BB29-67CAA28601F6}.Release|x86.ActiveCfg = Release|Any CPU
		{F5DA65AF-7F6F-46F1-BB29-67CAA28601F6}.Release|x86.Build.0 = Release|Any CPU
		{9FA302F4-F520-4E46-BEFA-3AB1509AA243}.Ad-Hoc|Any CPU.ActiveCfg = Debug|Any CPU
		{9FA302F4-F520-4E46-BEFA-3AB1509AA243}.Ad-Hoc|Any CPU.Build.0 = Debug|Any CPU
		{9FA302F4-F520-4E46-BEFA-3AB1509AA243}.Ad-Hoc|ARM.ActiveCfg = Debug|Any CPU
		{9FA302F4-F520-4E46-BEFA-3AB1509AA243}.Ad-Hoc|ARM.Build.0 = Debug|Any CPU
		{9FA302F4-F520-4E46-BEFA-3AB1509AA243}.Ad-Hoc|iPhone.ActiveCfg = Debug|Any CPU
		{9FA302F4-F520-4E46-BEFA-3AB1509AA243}.Ad-Hoc|iPhone.Build.0 = Debug|Any CPU
		{9FA302F4-F520-4E46-BEFA-3AB1509AA243}.Ad-Hoc|iPhoneSimulator.ActiveCfg = Debug|Any CPU
		{9FA302F4-F520-4E46-BEFA-3AB1509AA243}.Ad-Hoc|iPhoneSimulator.Build.0 = Debug|Any CPU
		{9FA302F4-F520-4E46-BEFA-3AB1509AA243}.Ad-Hoc|x64.ActiveCfg = Debug|Any CPU
		{9FA302F4-F520-4E46-BEFA-3AB1509AA243}.Ad-Hoc|x64.Build.0 = Debug|Any CPU
		{9FA302F4-F520-4E46-BEFA-3AB1509AA243}.Ad-Hoc|x86.ActiveCfg = Debug|Any CPU
		{9FA302F4-F520-4E46-BEFA-3AB1509AA243}.Ad-Hoc|x86.Build.0 = Debug|Any CPU
		{9FA302F4-F520-4E46-BEFA-3AB1509AA243}.AppStore|Any CPU.ActiveCfg = Debug|Any CPU
		{9FA302F4-F520-4E46-BEFA-3AB1509AA243}.AppStore|Any CPU.Build.0 = Debug|Any CPU
		{9FA302F4-F520-4E46-BEFA-3AB1509AA243}.AppStore|ARM.ActiveCfg = Debug|Any CPU
		{9FA302F4-F520-4E46-BEFA-3AB1509AA243}.AppStore|ARM.Build.0 = Debug|Any CPU
		{9FA302F4-F520-4E46-BEFA-3AB1509AA243}.AppStore|iPhone.ActiveCfg = Debug|Any CPU
		{9FA302F4-F520-4E46-BEFA-3AB1509AA243}.AppStore|iPhone.Build.0 = Debug|Any CPU
		{9FA302F4-F520-4E46-BEFA-3AB1509AA243}.AppStore|iPhoneSimulator.ActiveCfg = Debug|Any CPU
		{9FA302F4-F520-4E46-BEFA-3AB1509AA243}.AppStore|iPhoneSimulator.Build.0 = Debug|Any CPU
		{9FA302F4-F520-4E46-BEFA-3AB1509AA243}.AppStore|x64.ActiveCfg = Debug|Any CPU
		{9FA302F4-F520-4E46-BEFA-3AB1509AA243}.AppStore|x64.Build.0 = Debug|Any CPU
		{9FA302F4-F520-4E46-BEFA-3AB1509AA243}.AppStore|x86.ActiveCfg = Debug|Any CPU
		{9FA302F4-F520-4E46-BEFA-3AB1509AA243}.AppStore|x86.Build.0 = Debug|Any CPU
		{9FA302F4-F520-4E46-BEFA-3AB1509AA243}.AzureStaging|Any CPU.ActiveCfg = AzureStaging|Any CPU
		{9FA302F4-F520-4E46-BEFA-3AB1509AA243}.AzureStaging|Any CPU.Build.0 = AzureStaging|Any CPU
		{9FA302F4-F520-4E46-BEFA-3AB1509AA243}.AzureStaging|ARM.ActiveCfg = AzureStaging|Any CPU
		{9FA302F4-F520-4E46-BEFA-3AB1509AA243}.AzureStaging|ARM.Build.0 = AzureStaging|Any CPU
		{9FA302F4-F520-4E46-BEFA-3AB1509AA243}.AzureStaging|iPhone.ActiveCfg = AzureStaging|Any CPU
		{9FA302F4-F520-4E46-BEFA-3AB1509AA243}.AzureStaging|iPhone.Build.0 = AzureStaging|Any CPU
		{9FA302F4-F520-4E46-BEFA-3AB1509AA243}.AzureStaging|iPhoneSimulator.ActiveCfg = AzureStaging|Any CPU
		{9FA302F4-F520-4E46-BEFA-3AB1509AA243}.AzureStaging|iPhoneSimulator.Build.0 = AzureStaging|Any CPU
		{9FA302F4-F520-4E46-BEFA-3AB1509AA243}.AzureStaging|x64.ActiveCfg = AzureStaging|Any CPU
		{9FA302F4-F520-4E46-BEFA-3AB1509AA243}.AzureStaging|x64.Build.0 = AzureStaging|Any CPU
		{9FA302F4-F520-4E46-BEFA-3AB1509AA243}.AzureStaging|x86.ActiveCfg = AzureStaging|Any CPU
		{9FA302F4-F520-4E46-BEFA-3AB1509AA243}.AzureStaging|x86.Build.0 = AzureStaging|Any CPU
		{9FA302F4-F520-4E46-BEFA-3AB1509AA243}.Debug|Any CPU.ActiveCfg = Debug|Any CPU
		{9FA302F4-F520-4E46-BEFA-3AB1509AA243}.Debug|Any CPU.Build.0 = Debug|Any CPU
		{9FA302F4-F520-4E46-BEFA-3AB1509AA243}.Debug|ARM.ActiveCfg = Debug|Any CPU
		{9FA302F4-F520-4E46-BEFA-3AB1509AA243}.Debug|ARM.Build.0 = Debug|Any CPU
		{9FA302F4-F520-4E46-BEFA-3AB1509AA243}.Debug|iPhone.ActiveCfg = Debug|Any CPU
		{9FA302F4-F520-4E46-BEFA-3AB1509AA243}.Debug|iPhone.Build.0 = Debug|Any CPU
		{9FA302F4-F520-4E46-BEFA-3AB1509AA243}.Debug|iPhoneSimulator.ActiveCfg = Debug|Any CPU
		{9FA302F4-F520-4E46-BEFA-3AB1509AA243}.Debug|iPhoneSimulator.Build.0 = Debug|Any CPU
		{9FA302F4-F520-4E46-BEFA-3AB1509AA243}.Debug|x64.ActiveCfg = Debug|Any CPU
		{9FA302F4-F520-4E46-BEFA-3AB1509AA243}.Debug|x64.Build.0 = Debug|Any CPU
		{9FA302F4-F520-4E46-BEFA-3AB1509AA243}.Debug|x86.ActiveCfg = Debug|Any CPU
		{9FA302F4-F520-4E46-BEFA-3AB1509AA243}.Debug|x86.Build.0 = Debug|Any CPU
		{9FA302F4-F520-4E46-BEFA-3AB1509AA243}.Release|Any CPU.ActiveCfg = Release|Any CPU
		{9FA302F4-F520-4E46-BEFA-3AB1509AA243}.Release|Any CPU.Build.0 = Release|Any CPU
		{9FA302F4-F520-4E46-BEFA-3AB1509AA243}.Release|ARM.ActiveCfg = Release|Any CPU
		{9FA302F4-F520-4E46-BEFA-3AB1509AA243}.Release|ARM.Build.0 = Release|Any CPU
		{9FA302F4-F520-4E46-BEFA-3AB1509AA243}.Release|iPhone.ActiveCfg = Release|Any CPU
		{9FA302F4-F520-4E46-BEFA-3AB1509AA243}.Release|iPhone.Build.0 = Release|Any CPU
		{9FA302F4-F520-4E46-BEFA-3AB1509AA243}.Release|iPhoneSimulator.ActiveCfg = Release|Any CPU
		{9FA302F4-F520-4E46-BEFA-3AB1509AA243}.Release|iPhoneSimulator.Build.0 = Release|Any CPU
		{9FA302F4-F520-4E46-BEFA-3AB1509AA243}.Release|x64.ActiveCfg = Release|Any CPU
		{9FA302F4-F520-4E46-BEFA-3AB1509AA243}.Release|x64.Build.0 = Release|Any CPU
		{9FA302F4-F520-4E46-BEFA-3AB1509AA243}.Release|x86.ActiveCfg = Release|Any CPU
		{9FA302F4-F520-4E46-BEFA-3AB1509AA243}.Release|x86.Build.0 = Release|Any CPU
		{9564C638-C217-437E-89BE-ACD5568CE37E}.Ad-Hoc|Any CPU.ActiveCfg = Debug|Any CPU
		{9564C638-C217-437E-89BE-ACD5568CE37E}.Ad-Hoc|Any CPU.Build.0 = Debug|Any CPU
		{9564C638-C217-437E-89BE-ACD5568CE37E}.Ad-Hoc|ARM.ActiveCfg = Debug|Any CPU
		{9564C638-C217-437E-89BE-ACD5568CE37E}.Ad-Hoc|ARM.Build.0 = Debug|Any CPU
		{9564C638-C217-437E-89BE-ACD5568CE37E}.Ad-Hoc|iPhone.ActiveCfg = Debug|Any CPU
		{9564C638-C217-437E-89BE-ACD5568CE37E}.Ad-Hoc|iPhone.Build.0 = Debug|Any CPU
		{9564C638-C217-437E-89BE-ACD5568CE37E}.Ad-Hoc|iPhoneSimulator.ActiveCfg = Debug|Any CPU
		{9564C638-C217-437E-89BE-ACD5568CE37E}.Ad-Hoc|iPhoneSimulator.Build.0 = Debug|Any CPU
		{9564C638-C217-437E-89BE-ACD5568CE37E}.Ad-Hoc|x64.ActiveCfg = Debug|Any CPU
		{9564C638-C217-437E-89BE-ACD5568CE37E}.Ad-Hoc|x64.Build.0 = Debug|Any CPU
		{9564C638-C217-437E-89BE-ACD5568CE37E}.Ad-Hoc|x86.ActiveCfg = Debug|Any CPU
		{9564C638-C217-437E-89BE-ACD5568CE37E}.Ad-Hoc|x86.Build.0 = Debug|Any CPU
		{9564C638-C217-437E-89BE-ACD5568CE37E}.AppStore|Any CPU.ActiveCfg = Debug|Any CPU
		{9564C638-C217-437E-89BE-ACD5568CE37E}.AppStore|Any CPU.Build.0 = Debug|Any CPU
		{9564C638-C217-437E-89BE-ACD5568CE37E}.AppStore|ARM.ActiveCfg = Debug|Any CPU
		{9564C638-C217-437E-89BE-ACD5568CE37E}.AppStore|ARM.Build.0 = Debug|Any CPU
		{9564C638-C217-437E-89BE-ACD5568CE37E}.AppStore|iPhone.ActiveCfg = Debug|Any CPU
		{9564C638-C217-437E-89BE-ACD5568CE37E}.AppStore|iPhone.Build.0 = Debug|Any CPU
		{9564C638-C217-437E-89BE-ACD5568CE37E}.AppStore|iPhoneSimulator.ActiveCfg = Debug|Any CPU
		{9564C638-C217-437E-89BE-ACD5568CE37E}.AppStore|iPhoneSimulator.Build.0 = Debug|Any CPU
		{9564C638-C217-437E-89BE-ACD5568CE37E}.AppStore|x64.ActiveCfg = Debug|Any CPU
		{9564C638-C217-437E-89BE-ACD5568CE37E}.AppStore|x64.Build.0 = Debug|Any CPU
		{9564C638-C217-437E-89BE-ACD5568CE37E}.AppStore|x86.ActiveCfg = Debug|Any CPU
		{9564C638-C217-437E-89BE-ACD5568CE37E}.AppStore|x86.Build.0 = Debug|Any CPU
		{9564C638-C217-437E-89BE-ACD5568CE37E}.AzureStaging|Any CPU.ActiveCfg = AzureStaging|Any CPU
		{9564C638-C217-437E-89BE-ACD5568CE37E}.AzureStaging|Any CPU.Build.0 = AzureStaging|Any CPU
		{9564C638-C217-437E-89BE-ACD5568CE37E}.AzureStaging|ARM.ActiveCfg = AzureStaging|Any CPU
		{9564C638-C217-437E-89BE-ACD5568CE37E}.AzureStaging|ARM.Build.0 = AzureStaging|Any CPU
		{9564C638-C217-437E-89BE-ACD5568CE37E}.AzureStaging|iPhone.ActiveCfg = AzureStaging|Any CPU
		{9564C638-C217-437E-89BE-ACD5568CE37E}.AzureStaging|iPhone.Build.0 = AzureStaging|Any CPU
		{9564C638-C217-437E-89BE-ACD5568CE37E}.AzureStaging|iPhoneSimulator.ActiveCfg = AzureStaging|Any CPU
		{9564C638-C217-437E-89BE-ACD5568CE37E}.AzureStaging|iPhoneSimulator.Build.0 = AzureStaging|Any CPU
		{9564C638-C217-437E-89BE-ACD5568CE37E}.AzureStaging|x64.ActiveCfg = AzureStaging|Any CPU
		{9564C638-C217-437E-89BE-ACD5568CE37E}.AzureStaging|x64.Build.0 = AzureStaging|Any CPU
		{9564C638-C217-437E-89BE-ACD5568CE37E}.AzureStaging|x86.ActiveCfg = AzureStaging|Any CPU
		{9564C638-C217-437E-89BE-ACD5568CE37E}.AzureStaging|x86.Build.0 = AzureStaging|Any CPU
		{9564C638-C217-437E-89BE-ACD5568CE37E}.Debug|Any CPU.ActiveCfg = Debug|Any CPU
		{9564C638-C217-437E-89BE-ACD5568CE37E}.Debug|Any CPU.Build.0 = Debug|Any CPU
		{9564C638-C217-437E-89BE-ACD5568CE37E}.Debug|ARM.ActiveCfg = Debug|Any CPU
		{9564C638-C217-437E-89BE-ACD5568CE37E}.Debug|ARM.Build.0 = Debug|Any CPU
		{9564C638-C217-437E-89BE-ACD5568CE37E}.Debug|iPhone.ActiveCfg = Debug|Any CPU
		{9564C638-C217-437E-89BE-ACD5568CE37E}.Debug|iPhone.Build.0 = Debug|Any CPU
		{9564C638-C217-437E-89BE-ACD5568CE37E}.Debug|iPhoneSimulator.ActiveCfg = Debug|Any CPU
		{9564C638-C217-437E-89BE-ACD5568CE37E}.Debug|iPhoneSimulator.Build.0 = Debug|Any CPU
		{9564C638-C217-437E-89BE-ACD5568CE37E}.Debug|x64.ActiveCfg = Debug|Any CPU
		{9564C638-C217-437E-89BE-ACD5568CE37E}.Debug|x64.Build.0 = Debug|Any CPU
		{9564C638-C217-437E-89BE-ACD5568CE37E}.Debug|x86.ActiveCfg = Debug|Any CPU
		{9564C638-C217-437E-89BE-ACD5568CE37E}.Debug|x86.Build.0 = Debug|Any CPU
		{9564C638-C217-437E-89BE-ACD5568CE37E}.Release|Any CPU.ActiveCfg = Release|Any CPU
		{9564C638-C217-437E-89BE-ACD5568CE37E}.Release|Any CPU.Build.0 = Release|Any CPU
		{9564C638-C217-437E-89BE-ACD5568CE37E}.Release|ARM.ActiveCfg = Release|Any CPU
		{9564C638-C217-437E-89BE-ACD5568CE37E}.Release|ARM.Build.0 = Release|Any CPU
		{9564C638-C217-437E-89BE-ACD5568CE37E}.Release|iPhone.ActiveCfg = Release|Any CPU
		{9564C638-C217-437E-89BE-ACD5568CE37E}.Release|iPhone.Build.0 = Release|Any CPU
		{9564C638-C217-437E-89BE-ACD5568CE37E}.Release|iPhoneSimulator.ActiveCfg = Release|Any CPU
		{9564C638-C217-437E-89BE-ACD5568CE37E}.Release|iPhoneSimulator.Build.0 = Release|Any CPU
		{9564C638-C217-437E-89BE-ACD5568CE37E}.Release|x64.ActiveCfg = Release|Any CPU
		{9564C638-C217-437E-89BE-ACD5568CE37E}.Release|x64.Build.0 = Release|Any CPU
		{9564C638-C217-437E-89BE-ACD5568CE37E}.Release|x86.ActiveCfg = Release|Any CPU
		{9564C638-C217-437E-89BE-ACD5568CE37E}.Release|x86.Build.0 = Release|Any CPU
	EndGlobalSection
	GlobalSection(SolutionProperties) = preSolution
		HideSolutionNode = FALSE
	EndGlobalSection
	GlobalSection(NestedProjects) = preSolution
		{B5D9168C-F010-4B93-8A71-F9C2E8942E83} = {0797536B-0CDF-4DE3-A3B0-A077235E7896}
		{3B050C47-2404-4929-96A8-63B5ACD8E39E} = {0797536B-0CDF-4DE3-A3B0-A077235E7896}
		{F5DA65AF-7F6F-46F1-BB29-67CAA28601F6} = {3B050C47-2404-4929-96A8-63B5ACD8E39E}
		{9FA302F4-F520-4E46-BEFA-3AB1509AA243} = {3B050C47-2404-4929-96A8-63B5ACD8E39E}
		{9564C638-C217-437E-89BE-ACD5568CE37E} = {B5D9168C-F010-4B93-8A71-F9C2E8942E83}
	EndGlobalSection
EndGlobal
